
Microsoft Visual Studio Solution File, Format Version 12.00
# Visual Studio Version 17
VisualStudioVersion = 17.14.36511.14
MinimumVisualStudioVersion = 10.0.40219.1
Project("{2150E333-8FDC-42A3-9474-1A3956D46DE8}") = "src", "src", "{02EA681E-C7D8-13C7-8484-4AC65E1B71E8}"
EndProject
Project("{2150E333-8FDC-42A3-9474-1A3956D46DE8}") = "api-gateway", "api-gateway", "{89E1CD0E-FA8E-437C-9AD6-FC67BC99E9CC}"
EndProject
Project("{2150E333-8FDC-42A3-9474-1A3956D46DE8}") = "building-blocks", "building-blocks", "{4D1DE8CA-1C5B-45D3-8B59-B56F054B62F4}"
	ProjectSection(SolutionItems) = preProject
		APIGateway.Presentation\Program.cs = APIGateway.Presentation\Program.cs
	EndProjectSection
EndProject
Project("{2150E333-8FDC-42A3-9474-1A3956D46DE8}") = "contracts", "contracts", "{081A667C-C773-45C2-BF33-DAF7BB2C757C}"
EndProject
Project("{2150E333-8FDC-42A3-9474-1A3956D46DE8}") = "services", "services", "{D49279C2-5152-4F1C-B978-97AE5FF5E6E7}"
EndProject
Project("{2150E333-8FDC-42A3-9474-1A3956D46DE8}") = "deployments", "deployments", "{6EC8E11C-24E1-48FA-B2BD-839B6769E481}"
EndProject
Project("{2150E333-8FDC-42A3-9474-1A3956D46DE8}") = "tools", "tools", "{98430A91-9B62-4E86-8846-652A964551A0}"
EndProject
Project("{FAE04EC0-301F-11D3-BF4B-00C04F79EFBC}") = "APIGateway.Presentation", "APIGateway.Presentation\APIGateway.Presentation.csproj", "{79A70410-9204-48CB-AA12-CC2077BD23DA}"
EndProject
Project("{FAE04EC0-301F-11D3-BF4B-00C04F79EFBC}") = "SharedKernel", "SharedKernel\SharedKernel.csproj", "{A5B1C9DE-46D1-4EB8-8B96-EA33C75618F1}"
EndProject
Project("{FAE04EC0-301F-11D3-BF4B-00C04F79EFBC}") = "Common", "Common\Common.csproj", "{1D624039-7486-4D95-9DF6-59953167AB89}"
EndProject
Project("{FAE04EC0-301F-11D3-BF4B-00C04F79EFBC}") = "Web", "Web\Web.csproj", "{43E9B605-F107-4A19-A3F9-34FC1F4EF6A3}"
EndProject
Project("{FAE04EC0-301F-11D3-BF4B-00C04F79EFBC}") = "Security", "Security\Security.csproj", "{6E85B5BA-283C-4167-A327-65E474F833E9}"
EndProject
Project("{FAE04EC0-301F-11D3-BF4B-00C04F79EFBC}") = "Observability", "Observability\Observability.csproj", "{677F61E5-3184-4C3E-BDE5-7EF4868A955D}"
EndProject
Project("{FAE04EC0-301F-11D3-BF4B-00C04F79EFBC}") = "Messaging", "Messaging\Messaging.csproj", "{257AEBBC-D524-4089-9969-62A3C835D172}"
EndProject
Project("{FAE04EC0-301F-11D3-BF4B-00C04F79EFBC}") = "Contracts", "Contracts\Contracts.csproj", "{C80CE297-C026-4577-8B06-07EB04CD37A1}"
EndProject
Project("{2150E333-8FDC-42A3-9474-1A3956D46DE8}") = "docker", "docker", "{B899BBAC-481C-46FC-B94C-E5E392101203}"
	ProjectSection(SolutionItems) = preProject
		docker-compose.yml = docker-compose.yml
		gateway.Dockerfile = gateway.Dockerfile
		iam.Dockerfile = iam.Dockerfile
		instrument.Dockerfile = instrument.Dockerfile
		monitoring.Dockerfile = monitoring.Dockerfile
		patient.Dockerfile = patient.Dockerfile
		testorder.Dockerfile = testorder.Dockerfile
		warehouse.Dockerfile = warehouse.Dockerfile
	EndProjectSection
EndProject
Project("{2150E333-8FDC-42A3-9474-1A3956D46DE8}") = "k8s", "k8s", "{D260A10F-598A-4F67-971A-CA1068501A1F}"
EndProject
Project("{2150E333-8FDC-42A3-9474-1A3956D46DE8}") = "Base", "Base", "{E9AC4008-B364-4CFF-821A-6503C292338C}"
	ProjectSection(SolutionItems) = preProject
		iam-deployment.yaml = iam-deployment.yaml
		instrument-deployment.yaml = instrument-deployment.yaml
		monitoring-deployment.yaml = monitoring-deployment.yaml
		patient-deployment.yaml = patient-deployment.yaml
		testorder-deployment.yaml = testorder-deployment.yaml
		warehouse-deployment.yaml = warehouse-deployment.yaml
	EndProjectSection
EndProject
Project("{2150E333-8FDC-42A3-9474-1A3956D46DE8}") = "overlays", "overlays", "{0F3A6384-43FC-431D-A578-E33EF45E7235}"
EndProject
Project("{2150E333-8FDC-42A3-9474-1A3956D46DE8}") = "dev", "dev", "{37EC0935-7F6A-4568-8142-ACEC9621BEAB}"
	ProjectSection(SolutionItems) = preProject
		kustomization.yaml = kustomization.yaml
	EndProjectSection
EndProject
Project("{2150E333-8FDC-42A3-9474-1A3956D46DE8}") = "prod", "prod", "{10137A9D-E299-4036-A0BC-75A1BFAFFB08}"
EndProject
Project("{2150E333-8FDC-42A3-9474-1A3956D46DE8}") = "scripts", "scripts", "{25F348AA-9400-487A-B08E-337A9B2D87FD}"
	ProjectSection(SolutionItems) = preProject
		NewServiceScaffold.ps1 = NewServiceScaffold.ps1
		RunOutboxProcessor.ps1 = RunOutboxProcessor.ps1
	EndProjectSection
EndProject
Project("{2150E333-8FDC-42A3-9474-1A3956D46DE8}") = "IAMService", "IAMService", "{07EEA336-15EB-40E9-B044-A30FA8C93E8F}"
EndProject
Project("{FAE04EC0-301F-11D3-BF4B-00C04F79EFBC}") = "IAM.Domain", "IAM.Domain\IAM.Domain.csproj", "{AD2D7C94-872D-4F16-8703-E9686F8212B9}"
EndProject
Project("{FAE04EC0-301F-11D3-BF4B-00C04F79EFBC}") = "IAM.Application", "IAM.Application\IAM.Application.csproj", "{E554FCFB-CC1F-45C2-B635-0FA4A6E306E7}"
EndProject
Project("{FAE04EC0-301F-11D3-BF4B-00C04F79EFBC}") = "IAM.Infrastructure", "IAM.Infrastructure\IAM.Infrastructure.csproj", "{146149E8-4075-41B3-A143-3170B7573376}"
EndProject
Project("{FAE04EC0-301F-11D3-BF4B-00C04F79EFBC}") = "IAM.Migrations", "IAM.Migrations\IAM.Migrations.csproj", "{4ECA8CF0-D556-44B6-BECB-D181C81E5386}"
EndProject
Project("{FAE04EC0-301F-11D3-BF4B-00C04F79EFBC}") = "IAM.Presentation", "IAM.Presentation\IAM.Presentation.csproj", "{5AC0C59C-E1FD-4FA4-A558-EC05360396C2}"
EndProject
Project("{FAE04EC0-301F-11D3-BF4B-00C04F79EFBC}") = "Persistence", "Persistence\Persistence.csproj", "{ECF39E0D-D9B6-4DF9-BCAF-6185B506D86C}"
EndProject
Project("{2150E333-8FDC-42A3-9474-1A3956D46DE8}") = "PatientService", "PatientService", "{098428A2-F048-40FB-9323-0A877A1C1D2A}"
EndProject
Project("{FAE04EC0-301F-11D3-BF4B-00C04F79EFBC}") = "Patient.Application", "Patient.Application\Patient.Application.csproj", "{EE485ED9-984C-4D6C-89DD-8A84C7ED8D7E}"
EndProject
Project("{FAE04EC0-301F-11D3-BF4B-00C04F79EFBC}") = "Patient.Domain", "Patient.Domain\Patient.Domain.csproj", "{7F6B67AD-777D-4A50-BAAC-9B470D7A4A46}"
EndProject
Project("{FAE04EC0-301F-11D3-BF4B-00C04F79EFBC}") = "Patient.Infrastructure", "Patient.Infrastructure\Patient.Infrastructure.csproj", "{4BFB1FBB-024F-4E5E-96C9-DB1629ECD4E8}"
EndProject
Project("{FAE04EC0-301F-11D3-BF4B-00C04F79EFBC}") = "Patient.Migrations", "Patient.Migrations\Patient.Migrations.csproj", "{E54E563B-4EAA-40C0-9A1A-EB23904160D3}"
EndProject
Project("{FAE04EC0-301F-11D3-BF4B-00C04F79EFBC}") = "Patient.Presentation", "Patient.Presentation\Patient.Presentation.csproj", "{4DE09A48-3A81-4A32-BBB8-2232EB7AA10E}"
EndProject
Project("{2150E333-8FDC-42A3-9474-1A3956D46DE8}") = "NotifyService", "NotifyService", "{06F17BAC-526B-4E4B-A578-6B985337C4BA}"
EndProject
Project("{FAE04EC0-301F-11D3-BF4B-00C04F79EFBC}") = "Notify.Infrastructure", "Notify.Infrastructure\Notify.Infrastructure.csproj", "{8A2FDD31-D226-ED43-77D2-4F058AF64BA4}"
EndProject
Project("{FAE04EC0-301F-11D3-BF4B-00C04F79EFBC}") = "Notify.Domain", "Notify.Domain\Notify.Domain.csproj", "{17143FC0-0B40-C2FC-2DAE-CFB7DF18F718}"
EndProject
Project("{FAE04EC0-301F-11D3-BF4B-00C04F79EFBC}") = "Notify.App", "Notify.App\Notify.App.csproj", "{7C6E3EC7-C8C8-2090-3179-77215B0F706D}"
EndProject
Project("{FAE04EC0-301F-11D3-BF4B-00C04F79EFBC}") = "Notify.Api", "Notify.Api\Notify.Api.csproj", "{996122BA-25DD-43F4-3009-965F41F0DC67}"
EndProject
Global
	GlobalSection(SolutionConfigurationPlatforms) = preSolution
		Debug|Any CPU = Debug|Any CPU
		Release|Any CPU = Release|Any CPU
	EndGlobalSection
	GlobalSection(ProjectConfigurationPlatforms) = postSolution
		{79A70410-9204-48CB-AA12-CC2077BD23DA}.Debug|Any CPU.ActiveCfg = Debug|Any CPU
		{79A70410-9204-48CB-AA12-CC2077BD23DA}.Debug|Any CPU.Build.0 = Debug|Any CPU
		{79A70410-9204-48CB-AA12-CC2077BD23DA}.Release|Any CPU.ActiveCfg = Release|Any CPU
		{79A70410-9204-48CB-AA12-CC2077BD23DA}.Release|Any CPU.Build.0 = Release|Any CPU
		{A5B1C9DE-46D1-4EB8-8B96-EA33C75618F1}.Debug|Any CPU.ActiveCfg = Debug|Any CPU
		{A5B1C9DE-46D1-4EB8-8B96-EA33C75618F1}.Debug|Any CPU.Build.0 = Debug|Any CPU
		{A5B1C9DE-46D1-4EB8-8B96-EA33C75618F1}.Release|Any CPU.ActiveCfg = Release|Any CPU
		{A5B1C9DE-46D1-4EB8-8B96-EA33C75618F1}.Release|Any CPU.Build.0 = Release|Any CPU
		{1D624039-7486-4D95-9DF6-59953167AB89}.Debug|Any CPU.ActiveCfg = Debug|Any CPU
		{1D624039-7486-4D95-9DF6-59953167AB89}.Debug|Any CPU.Build.0 = Debug|Any CPU
		{1D624039-7486-4D95-9DF6-59953167AB89}.Release|Any CPU.ActiveCfg = Release|Any CPU
		{1D624039-7486-4D95-9DF6-59953167AB89}.Release|Any CPU.Build.0 = Release|Any CPU
		{43E9B605-F107-4A19-A3F9-34FC1F4EF6A3}.Debug|Any CPU.ActiveCfg = Debug|Any CPU
		{43E9B605-F107-4A19-A3F9-34FC1F4EF6A3}.Debug|Any CPU.Build.0 = Debug|Any CPU
		{43E9B605-F107-4A19-A3F9-34FC1F4EF6A3}.Release|Any CPU.ActiveCfg = Release|Any CPU
		{43E9B605-F107-4A19-A3F9-34FC1F4EF6A3}.Release|Any CPU.Build.0 = Release|Any CPU
		{6E85B5BA-283C-4167-A327-65E474F833E9}.Debug|Any CPU.ActiveCfg = Debug|Any CPU
		{6E85B5BA-283C-4167-A327-65E474F833E9}.Debug|Any CPU.Build.0 = Debug|Any CPU
		{6E85B5BA-283C-4167-A327-65E474F833E9}.Release|Any CPU.ActiveCfg = Release|Any CPU
		{6E85B5BA-283C-4167-A327-65E474F833E9}.Release|Any CPU.Build.0 = Release|Any CPU
		{677F61E5-3184-4C3E-BDE5-7EF4868A955D}.Debug|Any CPU.ActiveCfg = Debug|Any CPU
		{677F61E5-3184-4C3E-BDE5-7EF4868A955D}.Debug|Any CPU.Build.0 = Debug|Any CPU
		{677F61E5-3184-4C3E-BDE5-7EF4868A955D}.Release|Any CPU.ActiveCfg = Release|Any CPU
		{677F61E5-3184-4C3E-BDE5-7EF4868A955D}.Release|Any CPU.Build.0 = Release|Any CPU
		{257AEBBC-D524-4089-9969-62A3C835D172}.Debug|Any CPU.ActiveCfg = Debug|Any CPU
		{257AEBBC-D524-4089-9969-62A3C835D172}.Debug|Any CPU.Build.0 = Debug|Any CPU
		{257AEBBC-D524-4089-9969-62A3C835D172}.Release|Any CPU.ActiveCfg = Release|Any CPU
		{257AEBBC-D524-4089-9969-62A3C835D172}.Release|Any CPU.Build.0 = Release|Any CPU
		{C80CE297-C026-4577-8B06-07EB04CD37A1}.Debug|Any CPU.ActiveCfg = Debug|Any CPU
		{C80CE297-C026-4577-8B06-07EB04CD37A1}.Debug|Any CPU.Build.0 = Debug|Any CPU
		{C80CE297-C026-4577-8B06-07EB04CD37A1}.Release|Any CPU.ActiveCfg = Release|Any CPU
		{C80CE297-C026-4577-8B06-07EB04CD37A1}.Release|Any CPU.Build.0 = Release|Any CPU
		{AD2D7C94-872D-4F16-8703-E9686F8212B9}.Debug|Any CPU.ActiveCfg = Debug|Any CPU
		{AD2D7C94-872D-4F16-8703-E9686F8212B9}.Debug|Any CPU.Build.0 = Debug|Any CPU
		{AD2D7C94-872D-4F16-8703-E9686F8212B9}.Release|Any CPU.ActiveCfg = Release|Any CPU
		{AD2D7C94-872D-4F16-8703-E9686F8212B9}.Release|Any CPU.Build.0 = Release|Any CPU
		{E554FCFB-CC1F-45C2-B635-0FA4A6E306E7}.Debug|Any CPU.ActiveCfg = Debug|Any CPU
		{E554FCFB-CC1F-45C2-B635-0FA4A6E306E7}.Debug|Any CPU.Build.0 = Debug|Any CPU
		{E554FCFB-CC1F-45C2-B635-0FA4A6E306E7}.Release|Any CPU.ActiveCfg = Release|Any CPU
		{E554FCFB-CC1F-45C2-B635-0FA4A6E306E7}.Release|Any CPU.Build.0 = Release|Any CPU
		{146149E8-4075-41B3-A143-3170B7573376}.Debug|Any CPU.ActiveCfg = Debug|Any CPU
		{146149E8-4075-41B3-A143-3170B7573376}.Debug|Any CPU.Build.0 = Debug|Any CPU
		{146149E8-4075-41B3-A143-3170B7573376}.Release|Any CPU.ActiveCfg = Release|Any CPU
		{146149E8-4075-41B3-A143-3170B7573376}.Release|Any CPU.Build.0 = Release|Any CPU
		{4ECA8CF0-D556-44B6-BECB-D181C81E5386}.Debug|Any CPU.ActiveCfg = Debug|Any CPU
		{4ECA8CF0-D556-44B6-BECB-D181C81E5386}.Debug|Any CPU.Build.0 = Debug|Any CPU
		{4ECA8CF0-D556-44B6-BECB-D181C81E5386}.Release|Any CPU.ActiveCfg = Release|Any CPU
		{4ECA8CF0-D556-44B6-BECB-D181C81E5386}.Release|Any CPU.Build.0 = Release|Any CPU
		{5AC0C59C-E1FD-4FA4-A558-EC05360396C2}.Debug|Any CPU.ActiveCfg = Debug|Any CPU
		{5AC0C59C-E1FD-4FA4-A558-EC05360396C2}.Debug|Any CPU.Build.0 = Debug|Any CPU
		{5AC0C59C-E1FD-4FA4-A558-EC05360396C2}.Release|Any CPU.ActiveCfg = Release|Any CPU
		{5AC0C59C-E1FD-4FA4-A558-EC05360396C2}.Release|Any CPU.Build.0 = Release|Any CPU
		{ECF39E0D-D9B6-4DF9-BCAF-6185B506D86C}.Debug|Any CPU.ActiveCfg = Debug|Any CPU
		{ECF39E0D-D9B6-4DF9-BCAF-6185B506D86C}.Debug|Any CPU.Build.0 = Debug|Any CPU
		{ECF39E0D-D9B6-4DF9-BCAF-6185B506D86C}.Release|Any CPU.ActiveCfg = Release|Any CPU
		{ECF39E0D-D9B6-4DF9-BCAF-6185B506D86C}.Release|Any CPU.Build.0 = Release|Any CPU
		{EE485ED9-984C-4D6C-89DD-8A84C7ED8D7E}.Debug|Any CPU.ActiveCfg = Debug|Any CPU
		{EE485ED9-984C-4D6C-89DD-8A84C7ED8D7E}.Debug|Any CPU.Build.0 = Debug|Any CPU
		{EE485ED9-984C-4D6C-89DD-8A84C7ED8D7E}.Release|Any CPU.ActiveCfg = Release|Any CPU
		{EE485ED9-984C-4D6C-89DD-8A84C7ED8D7E}.Release|Any CPU.Build.0 = Release|Any CPU
		{7F6B67AD-777D-4A50-BAAC-9B470D7A4A46}.Debug|Any CPU.ActiveCfg = Debug|Any CPU
		{7F6B67AD-777D-4A50-BAAC-9B470D7A4A46}.Debug|Any CPU.Build.0 = Debug|Any CPU
		{7F6B67AD-777D-4A50-BAAC-9B470D7A4A46}.Release|Any CPU.ActiveCfg = Release|Any CPU
		{7F6B67AD-777D-4A50-BAAC-9B470D7A4A46}.Release|Any CPU.Build.0 = Release|Any CPU
		{4BFB1FBB-024F-4E5E-96C9-DB1629ECD4E8}.Debug|Any CPU.ActiveCfg = Debug|Any CPU
		{4BFB1FBB-024F-4E5E-96C9-DB1629ECD4E8}.Debug|Any CPU.Build.0 = Debug|Any CPU
		{4BFB1FBB-024F-4E5E-96C9-DB1629ECD4E8}.Release|Any CPU.ActiveCfg = Release|Any CPU
		{4BFB1FBB-024F-4E5E-96C9-DB1629ECD4E8}.Release|Any CPU.Build.0 = Release|Any CPU
		{E54E563B-4EAA-40C0-9A1A-EB23904160D3}.Debug|Any CPU.ActiveCfg = Debug|Any CPU
		{E54E563B-4EAA-40C0-9A1A-EB23904160D3}.Debug|Any CPU.Build.0 = Debug|Any CPU
		{E54E563B-4EAA-40C0-9A1A-EB23904160D3}.Release|Any CPU.ActiveCfg = Release|Any CPU
		{E54E563B-4EAA-40C0-9A1A-EB23904160D3}.Release|Any CPU.Build.0 = Release|Any CPU
		{4DE09A48-3A81-4A32-BBB8-2232EB7AA10E}.Debug|Any CPU.ActiveCfg = Debug|Any CPU
		{4DE09A48-3A81-4A32-BBB8-2232EB7AA10E}.Debug|Any CPU.Build.0 = Debug|Any CPU
		{4DE09A48-3A81-4A32-BBB8-2232EB7AA10E}.Release|Any CPU.ActiveCfg = Release|Any CPU
		{4DE09A48-3A81-4A32-BBB8-2232EB7AA10E}.Release|Any CPU.Build.0 = Release|Any CPU
		{8A2FDD31-D226-ED43-77D2-4F058AF64BA4}.Debug|Any CPU.ActiveCfg = Debug|Any CPU
		{8A2FDD31-D226-ED43-77D2-4F058AF64BA4}.Debug|Any CPU.Build.0 = Debug|Any CPU
		{8A2FDD31-D226-ED43-77D2-4F058AF64BA4}.Release|Any CPU.ActiveCfg = Release|Any CPU
		{8A2FDD31-D226-ED43-77D2-4F058AF64BA4}.Release|Any CPU.Build.0 = Release|Any CPU
		{17143FC0-0B40-C2FC-2DAE-CFB7DF18F718}.Debug|Any CPU.ActiveCfg = Debug|Any CPU
		{17143FC0-0B40-C2FC-2DAE-CFB7DF18F718}.Debug|Any CPU.Build.0 = Debug|Any CPU
		{17143FC0-0B40-C2FC-2DAE-CFB7DF18F718}.Release|Any CPU.ActiveCfg = Release|Any CPU
		{17143FC0-0B40-C2FC-2DAE-CFB7DF18F718}.Release|Any CPU.Build.0 = Release|Any CPU
		{7C6E3EC7-C8C8-2090-3179-77215B0F706D}.Debug|Any CPU.ActiveCfg = Debug|Any CPU
		{7C6E3EC7-C8C8-2090-3179-77215B0F706D}.Debug|Any CPU.Build.0 = Debug|Any CPU
		{7C6E3EC7-C8C8-2090-3179-77215B0F706D}.Release|Any CPU.ActiveCfg = Release|Any CPU
		{7C6E3EC7-C8C8-2090-3179-77215B0F706D}.Release|Any CPU.Build.0 = Release|Any CPU
		{996122BA-25DD-43F4-3009-965F41F0DC67}.Debug|Any CPU.ActiveCfg = Debug|Any CPU
		{996122BA-25DD-43F4-3009-965F41F0DC67}.Debug|Any CPU.Build.0 = Debug|Any CPU
		{996122BA-25DD-43F4-3009-965F41F0DC67}.Release|Any CPU.ActiveCfg = Release|Any CPU
		{996122BA-25DD-43F4-3009-965F41F0DC67}.Release|Any CPU.Build.0 = Release|Any CPU
	EndGlobalSection
	GlobalSection(SolutionProperties) = preSolution
		HideSolutionNode = FALSE
	EndGlobalSection
	GlobalSection(NestedProjects) = preSolution
		{89E1CD0E-FA8E-437C-9AD6-FC67BC99E9CC} = {02EA681E-C7D8-13C7-8484-4AC65E1B71E8}
		{4D1DE8CA-1C5B-45D3-8B59-B56F054B62F4} = {02EA681E-C7D8-13C7-8484-4AC65E1B71E8}
		{081A667C-C773-45C2-BF33-DAF7BB2C757C} = {02EA681E-C7D8-13C7-8484-4AC65E1B71E8}
		{D49279C2-5152-4F1C-B978-97AE5FF5E6E7} = {02EA681E-C7D8-13C7-8484-4AC65E1B71E8}
		{6EC8E11C-24E1-48FA-B2BD-839B6769E481} = {02EA681E-C7D8-13C7-8484-4AC65E1B71E8}
		{98430A91-9B62-4E86-8846-652A964551A0} = {02EA681E-C7D8-13C7-8484-4AC65E1B71E8}
		{79A70410-9204-48CB-AA12-CC2077BD23DA} = {89E1CD0E-FA8E-437C-9AD6-FC67BC99E9CC}
		{A5B1C9DE-46D1-4EB8-8B96-EA33C75618F1} = {4D1DE8CA-1C5B-45D3-8B59-B56F054B62F4}
		{1D624039-7486-4D95-9DF6-59953167AB89} = {4D1DE8CA-1C5B-45D3-8B59-B56F054B62F4}
		{43E9B605-F107-4A19-A3F9-34FC1F4EF6A3} = {4D1DE8CA-1C5B-45D3-8B59-B56F054B62F4}
		{6E85B5BA-283C-4167-A327-65E474F833E9} = {4D1DE8CA-1C5B-45D3-8B59-B56F054B62F4}
		{677F61E5-3184-4C3E-BDE5-7EF4868A955D} = {4D1DE8CA-1C5B-45D3-8B59-B56F054B62F4}
		{257AEBBC-D524-4089-9969-62A3C835D172} = {4D1DE8CA-1C5B-45D3-8B59-B56F054B62F4}
		{C80CE297-C026-4577-8B06-07EB04CD37A1} = {081A667C-C773-45C2-BF33-DAF7BB2C757C}
		{B899BBAC-481C-46FC-B94C-E5E392101203} = {6EC8E11C-24E1-48FA-B2BD-839B6769E481}
		{D260A10F-598A-4F67-971A-CA1068501A1F} = {6EC8E11C-24E1-48FA-B2BD-839B6769E481}
		{E9AC4008-B364-4CFF-821A-6503C292338C} = {D260A10F-598A-4F67-971A-CA1068501A1F}
		{0F3A6384-43FC-431D-A578-E33EF45E7235} = {D260A10F-598A-4F67-971A-CA1068501A1F}
		{37EC0935-7F6A-4568-8142-ACEC9621BEAB} = {0F3A6384-43FC-431D-A578-E33EF45E7235}
		{10137A9D-E299-4036-A0BC-75A1BFAFFB08} = {0F3A6384-43FC-431D-A578-E33EF45E7235}
		{25F348AA-9400-487A-B08E-337A9B2D87FD} = {98430A91-9B62-4E86-8846-652A964551A0}
		{07EEA336-15EB-40E9-B044-A30FA8C93E8F} = {D49279C2-5152-4F1C-B978-97AE5FF5E6E7}
		{AD2D7C94-872D-4F16-8703-E9686F8212B9} = {07EEA336-15EB-40E9-B044-A30FA8C93E8F}
		{E554FCFB-CC1F-45C2-B635-0FA4A6E306E7} = {07EEA336-15EB-40E9-B044-A30FA8C93E8F}
		{146149E8-4075-41B3-A143-3170B7573376} = {07EEA336-15EB-40E9-B044-A30FA8C93E8F}
		{4ECA8CF0-D556-44B6-BECB-D181C81E5386} = {07EEA336-15EB-40E9-B044-A30FA8C93E8F}
		{5AC0C59C-E1FD-4FA4-A558-EC05360396C2} = {07EEA336-15EB-40E9-B044-A30FA8C93E8F}
		{ECF39E0D-D9B6-4DF9-BCAF-6185B506D86C} = {4D1DE8CA-1C5B-45D3-8B59-B56F054B62F4}
		{098428A2-F048-40FB-9323-0A877A1C1D2A} = {D49279C2-5152-4F1C-B978-97AE5FF5E6E7}
		{EE485ED9-984C-4D6C-89DD-8A84C7ED8D7E} = {098428A2-F048-40FB-9323-0A877A1C1D2A}
		{7F6B67AD-777D-4A50-BAAC-9B470D7A4A46} = {098428A2-F048-40FB-9323-0A877A1C1D2A}
		{4BFB1FBB-024F-4E5E-96C9-DB1629ECD4E8} = {098428A2-F048-40FB-9323-0A877A1C1D2A}
		{E54E563B-4EAA-40C0-9A1A-EB23904160D3} = {098428A2-F048-40FB-9323-0A877A1C1D2A}
		{4DE09A48-3A81-4A32-BBB8-2232EB7AA10E} = {098428A2-F048-40FB-9323-0A877A1C1D2A}
		{06F17BAC-526B-4E4B-A578-6B985337C4BA} = {D49279C2-5152-4F1C-B978-97AE5FF5E6E7}
		{8A2FDD31-D226-ED43-77D2-4F058AF64BA4} = {06F17BAC-526B-4E4B-A578-6B985337C4BA}
		{17143FC0-0B40-C2FC-2DAE-CFB7DF18F718} = {06F17BAC-526B-4E4B-A578-6B985337C4BA}
		{7C6E3EC7-C8C8-2090-3179-77215B0F706D} = {06F17BAC-526B-4E4B-A578-6B985337C4BA}
		{996122BA-25DD-43F4-3009-965F41F0DC67} = {06F17BAC-526B-4E4B-A578-6B985337C4BA}
	EndGlobalSection
	GlobalSection(ExtensibilityGlobals) = postSolution
		SolutionGuid = {34AF52F6-015E-4868-9FFC-BA436F03CB8A}
	EndGlobalSection
EndGlobal
